
Microsoft Visual Studio Solution File, Format Version 12.00
# Visual Studio Version 16
VisualStudioVersion = 16.0.28803.352
MinimumVisualStudioVersion = 10.0.40219.1
Project("{FAE04EC0-301F-11D3-BF4B-00C04F79EFBC}") = "GameCenterWF", "LucesWindForm\GameCenterWF.csproj", "{4E2E8527-2571-46DC-91A5-4E11316CA719}"
	ProjectSection(ProjectDependencies) = postProject
		{CDD9EA93-DC9B-4CB6-9ED9-F66968BC5776} = {CDD9EA93-DC9B-4CB6-9ED9-F66968BC5776}
	EndProjectSection
EndProject
Project("{FAE04EC0-301F-11D3-BF4B-00C04F79EFBC}") = "GameCode", "GameCode\GameCode.csproj", "{CDD9EA93-DC9B-4CB6-9ED9-F66968BC5776}"
EndProject
Global
	GlobalSection(SolutionConfigurationPlatforms) = preSolution
		Debug|Any CPU = Debug|Any CPU
		Release|Any CPU = Release|Any CPU
	EndGlobalSection
	GlobalSection(ProjectConfigurationPlatforms) = postSolution
		{4E2E8527-2571-46DC-91A5-4E11316CA719}.Debug|Any CPU.ActiveCfg = Debug|Any CPU
		{4E2E8527-2571-46DC-91A5-4E11316CA719}.Debug|Any CPU.Build.0 = Debug|Any CPU
		{4E2E8527-2571-46DC-91A5-4E11316CA719}.Release|Any CPU.ActiveCfg = Release|Any CPU
		{4E2E8527-2571-46DC-91A5-4E11316CA719}.Release|Any CPU.Build.0 = Release|Any CPU
		{CDD9EA93-DC9B-4CB6-9ED9-F66968BC5776}.Debug|Any CPU.ActiveCfg = Debug|Any CPU
		{CDD9EA93-DC9B-4CB6-9ED9-F66968BC5776}.Debug|Any CPU.Build.0 = Debug|Any CPU
		{CDD9EA93-DC9B-4CB6-9ED9-F66968BC5776}.Release|Any CPU.ActiveCfg = Release|Any CPU
		{CDD9EA93-DC9B-4CB6-9ED9-F66968BC5776}.Release|Any CPU.Build.0 = Release|Any CPU
	EndGlobalSection
	GlobalSection(SolutionProperties) = preSolution
		HideSolutionNode = FALSE
	EndGlobalSection
	GlobalSection(ExtensibilityGlobals) = postSolution
		SolutionGuid = {56B5760E-B95E-438B-BC59-EFF0E44BAF9F}
	EndGlobalSection
EndGlobal
